aioredis==1.3.1
alabaster==0.7.12
antlr4-python3-runtime==4.9.3
asgiref==3.5.0
async-timeout==4.0.2
attrs==21.4.0
Babel==2.9.1
black==21.12b0
bmt==0.7.6
bmt-lite-v3.1.0==2.2.2
cachetools==5.0.0
certifi==2021.10.8
CFGraph==0.2.1
chardet==4.0.0
charset-normalizer==3.1.0
click==7.1.2
commonmark==0.9.1
coverage==6.3
decorator==5.1.1
deepdiff==6.3.0
Deprecated==1.2.13
deprecation==2.1.0
distlib==0.3.4
docker==6.1.2
docutils==0.17.1
et-xmlfile==1.1.0
fastapi==0.65.2
filelock==3.4.2
flake8==4.0.1
frozendict==2.2.1
graphviz==0.19.1
greenlet==1.1.2
gunicorn==20.1.0
h11==0.13.0
hbreader==0.9.1
hiredis==2.0.0
httptools==0.3.0
idna==2.10
imagesize==1.3.0
importlib-metadata==4.10.1
iniconfig==1.1.1
isodate==0.6.1
Jinja2==3.0.3
json-flattener==0.1.7
jsonasobj==1.3.1
jsonasobj2==1.0.4
jsonpatch==1.32
jsonpath-ng==1.5.3
jsonpointer==2.2
jsonschema==3.2.0
linkml==1.1.17
linkml-dataops==0.1.0
linkml-runtime==1.1.21
lxml==4.7.1
markdown-it-py==2.0.1
MarkupSafe==2.0.1
mccabe==0.6.1
mdit-py-plugins==0.3.0
mdurl==0.1.0
mypy-extensions==0.4.3
myst-parser==0.16.1
NodeNormalization==2.0.2
numpy==1.22.1
numpydoc==1.2
openpyxl==3.0.9
ordered-set==4.1.0
orjson==3.8.12
packaging==21.3
pandas==1.4.0
parse==1.19.0
pathspec==0.9.0
pbr==5.8.0
platformdirs==2.4.1
pluggy==0.13.1
ply==3.11
pockets==0.9.1
prefixcommons==0.1.9
prologterms==0.0.6
py==1.11.0
pycodestyle==2.8.0
pydantic==1.9.0
pyflakes==2.4.0
Pygments==2.11.2
PyJSG==0.11.9
PyLDmod==2.0.5
pyparsing==3.0.7
pyrsistent==0.18.1
PyShEx==0.8.0
PyShExC==0.9.0
pytest==6.2.4
pytest-asyncio==0.15.1
pytest-cov==2.12.1
python-dateutil==2.8.2
pytz==2021.3
PyYAML==5.4.1
rdflib==6.1.1
rdflib-jsonld==0.6.1
rdflib-pyldmod-compat==0.1.2
rdflib-shim==1.0.3
reasoner-pydantic==1.2.0.4
recommonmark==0.7.1
redis==3.5.3
redis-py-cluster==2.1.3
requests==2.31.0
ruamel.yaml==0.17.20
ruamel.yaml.clib==0.2.6
ShExJSG==0.8.1
six==1.16.0
snowballstemmer==2.2.0
sparqlslurper==0.5.1
SPARQLWrapper==1.8.5
Sphinx==4.4.0
sphinx-click==3.0.2
sphinx-rtd-theme==1.0.0
sphinxcontrib-applehelp==1.0.2
sphinxcontrib-devhelp==1.0.2
sphinxcontrib-htmlhelp==2.0.0
sphinxcontrib-jsmath==1.0.1
sphinxcontrib-napoleon==0.7
sphinxcontrib-qthelp==1.0.3
sphinxcontrib-serializinghtml==1.1.5
SQLAlchemy==1.4.31
starlette==0.14.2
stringcase==1.2.0
testcontainers==3.7.1
testfixtures==6.18.3
toml==0.10.2
tomli==1.2.3
tox==3.24.5
typing_extensions==4.0.1
urllib3==1.26.8
uvicorn==0.15.0
uvloop==0.16.0
virtualenv==20.13.0
watchdog==2.1.6
websocket-client==1.5.2
wrapt==1.13.3
zipp==3.7.0
